
Microsoft Visual Studio Solution File, Format Version 12.00
# Visual Studio Version 17
VisualStudioVersion = 17.8.34525.116
MinimumVisualStudioVersion = 10.0.40219.1
Project("{FAE04EC0-301F-11D3-BF4B-00C04F79EFBC}") = "Desafios", "Desafios\Desafios.csproj", "{FDA28FB5-0AB9-4D2B-87F6-0A32E851569B}"
EndProject
Project("{FAE04EC0-301F-11D3-BF4B-00C04F79EFBC}") = "Desafio2", "Desafio2\Desafio2.csproj", "{7F7EEE26-B1B5-4320-93EE-C4F42501DD3F}"
EndProject
Project("{FAE04EC0-301F-11D3-BF4B-00C04F79EFBC}") = "Desafio3", "Desafio3\Desafio3.csproj", "{66EE262F-AD67-43A2-A1B0-C5A0ED0A830A}"
EndProject
Project("{FAE04EC0-301F-11D3-BF4B-00C04F79EFBC}") = "Desafio4", "Desafio4\Desafio4.csproj", "{B23A23EA-C01B-4DA0-A9F0-9BA896BF01B2}"
EndProject
Project("{FAE04EC0-301F-11D3-BF4B-00C04F79EFBC}") = "Desafio5", "Desafio5\Desafio5.csproj", "{934A49BA-4223-465B-AC7A-567D77F2A4B3}"
EndProject
Global
	GlobalSection(SolutionConfigurationPlatforms) = preSolution
		Debug|Any CPU = Debug|Any CPU
		Release|Any CPU = Release|Any CPU
	EndGlobalSection
	GlobalSection(ProjectConfigurationPlatforms) = postSolution
		{FDA28FB5-0AB9-4D2B-87F6-0A32E851569B}.Debug|Any CPU.ActiveCfg = Debug|Any CPU
		{FDA28FB5-0AB9-4D2B-87F6-0A32E851569B}.Debug|Any CPU.Build.0 = Debug|Any CPU
		{FDA28FB5-0AB9-4D2B-87F6-0A32E851569B}.Release|Any CPU.ActiveCfg = Release|Any CPU
		{FDA28FB5-0AB9-4D2B-87F6-0A32E851569B}.Release|Any CPU.Build.0 = Release|Any CPU
		{7F7EEE26-B1B5-4320-93EE-C4F42501DD3F}.Debug|Any CPU.ActiveCfg = Debug|Any CPU
		{7F7EEE26-B1B5-4320-93EE-C4F42501DD3F}.Debug|Any CPU.Build.0 = Debug|Any CPU
		{7F7EEE26-B1B5-4320-93EE-C4F42501DD3F}.Release|Any CPU.ActiveCfg = Release|Any CPU
		{7F7EEE26-B1B5-4320-93EE-C4F42501DD3F}.Release|Any CPU.Build.0 = Release|Any CPU
		{66EE262F-AD67-43A2-A1B0-C5A0ED0A830A}.Debug|Any CPU.ActiveCfg = Debug|Any CPU
		{66EE262F-AD67-43A2-A1B0-C5A0ED0A830A}.Debug|Any CPU.Build.0 = Debug|Any CPU
		{66EE262F-AD67-43A2-A1B0-C5A0ED0A830A}.Release|Any CPU.ActiveCfg = Release|Any CPU
		{66EE262F-AD67-43A2-A1B0-C5A0ED0A830A}.Release|Any CPU.Build.0 = Release|Any CPU
		{B23A23EA-C01B-4DA0-A9F0-9BA896BF01B2}.Debug|Any CPU.ActiveCfg = Debug|Any CPU
		{B23A23EA-C01B-4DA0-A9F0-9BA896BF01B2}.Debug|Any CPU.Build.0 = Debug|Any CPU
		{B23A23EA-C01B-4DA0-A9F0-9BA896BF01B2}.Release|Any CPU.ActiveCfg = Release|Any CPU
		{B23A23EA-C01B-4DA0-A9F0-9BA896BF01B2}.Release|Any CPU.Build.0 = Release|Any CPU
		{934A49BA-4223-465B-AC7A-567D77F2A4B3}.Debug|Any CPU.ActiveCfg = Debug|Any CPU
		{934A49BA-4223-465B-AC7A-567D77F2A4B3}.Debug|Any CPU.Build.0 = Debug|Any CPU
		{934A49BA-4223-465B-AC7A-567D77F2A4B3}.Release|Any CPU.ActiveCfg = Release|Any CPU
		{934A49BA-4223-465B-AC7A-567D77F2A4B3}.Release|Any CPU.Build.0 = Release|Any CPU
	EndGlobalSection
	GlobalSection(SolutionProperties) = preSolution
		HideSolutionNode = FALSE
	EndGlobalSection
	GlobalSection(ExtensibilityGlobals) = postSolution
		SolutionGuid = {0580168D-FFEC-47B1-882E-75524F295D5F}
	EndGlobalSection
EndGlobal
